
Microsoft Visual Studio Solution File, Format Version 12.00
# Visual Studio Version 17
VisualStudioVersion = 17.4.33213.308
MinimumVisualStudioVersion = 10.0.40219.1
Project("{FAE04EC0-301F-11D3-BF4B-00C04F79EFBC}") = "DikstraCalc", "DikstraCalc\DikstraCalc.csproj", "{C9DD1D0B-323A-49A0-A1D0-056977B48C40}"
EndProject
Project("{FAE04EC0-301F-11D3-BF4B-00C04F79EFBC}") = "Queue", "Queue\Queue.csproj", "{165F7F05-7A30-4C4D-A91B-9A92DCFA93EB}"
EndProject
Project("{FAE04EC0-301F-11D3-BF4B-00C04F79EFBC}") = "Calculator", "Calculator\Calculator.csproj", "{A7099803-B37F-4F7B-AEA8-EC16E899E552}"
EndProject
Global
	GlobalSection(SolutionConfigurationPlatforms) = preSolution
		Debug|Any CPU = Debug|Any CPU
		Release|Any CPU = Release|Any CPU
	EndGlobalSection
	GlobalSection(ProjectConfigurationPlatforms) = postSolution
		{C9DD1D0B-323A-49A0-A1D0-056977B48C40}.Debug|Any CPU.ActiveCfg = Debug|Any CPU
		{C9DD1D0B-323A-49A0-A1D0-056977B48C40}.Debug|Any CPU.Build.0 = Debug|Any CPU
		{C9DD1D0B-323A-49A0-A1D0-056977B48C40}.Release|Any CPU.ActiveCfg = Release|Any CPU
		{C9DD1D0B-323A-49A0-A1D0-056977B48C40}.Release|Any CPU.Build.0 = Release|Any CPU
		{165F7F05-7A30-4C4D-A91B-9A92DCFA93EB}.Debug|Any CPU.ActiveCfg = Debug|Any CPU
		{165F7F05-7A30-4C4D-A91B-9A92DCFA93EB}.Debug|Any CPU.Build.0 = Debug|Any CPU
		{165F7F05-7A30-4C4D-A91B-9A92DCFA93EB}.Release|Any CPU.ActiveCfg = Release|Any CPU
		{165F7F05-7A30-4C4D-A91B-9A92DCFA93EB}.Release|Any CPU.Build.0 = Release|Any CPU
		{A7099803-B37F-4F7B-AEA8-EC16E899E552}.Debug|Any CPU.ActiveCfg = Debug|Any CPU
		{A7099803-B37F-4F7B-AEA8-EC16E899E552}.Debug|Any CPU.Build.0 = Debug|Any CPU
		{A7099803-B37F-4F7B-AEA8-EC16E899E552}.Release|Any CPU.ActiveCfg = Release|Any CPU
		{A7099803-B37F-4F7B-AEA8-EC16E899E552}.Release|Any CPU.Build.0 = Release|Any CPU
	EndGlobalSection
	GlobalSection(SolutionProperties) = preSolution
		HideSolutionNode = FALSE
	EndGlobalSection
	GlobalSection(ExtensibilityGlobals) = postSolution
		SolutionGuid = {E5D9DB83-C79F-4488-8B2D-8EFC73706094}
	EndGlobalSection
EndGlobal
